
Microsoft Visual Studio Solution File, Format Version 12.00
# Visual Studio Version 17
VisualStudioVersion = 17.2.32630.192
MinimumVisualStudioVersion = 10.0.40219.1
Project("{9A19103F-16F7-4668-BE54-9A1E7A4F7556}") = "Igor_AIS_Proj", "Igor_AIS_Proj\Igor_AIS_Proj.csproj", "{1A8E3E8B-3E25-4776-B6E8-9B8BC1A95B69}"
EndProject
Global
	GlobalSection(SolutionConfigurationPlatforms) = preSolution
		Debug|Any CPU = Debug|Any CPU
		Release|Any CPU = Release|Any CPU
	EndGlobalSection
	GlobalSection(ProjectConfigurationPlatforms) = postSolution
		{1A8E3E8B-3E25-4776-B6E8-9B8BC1A95B69}.Debug|Any CPU.ActiveCfg = Debug|Any CPU
		{1A8E3E8B-3E25-4776-B6E8-9B8BC1A95B69}.Debug|Any CPU.Build.0 = Debug|Any CPU
		{1A8E3E8B-3E25-4776-B6E8-9B8BC1A95B69}.Release|Any CPU.ActiveCfg = Release|Any CPU
		{1A8E3E8B-3E25-4776-B6E8-9B8BC1A95B69}.Release|Any CPU.Build.0 = Release|Any CPU
	EndGlobalSection
	GlobalSection(SolutionProperties) = preSolution
		HideSolutionNode = FALSE
	EndGlobalSection
	GlobalSection(ExtensibilityGlobals) = postSolution
		SolutionGuid = {0B484ED1-5BE0-4879-ABB1-C13D5A28697D}
	EndGlobalSection
EndGlobal
